schema: '2.0'
stages:
  data_ingestion:
    cmd: python src/data_ingestion.py
    deps:
    - path: src/data_ingestion.py
      hash: md5
      md5: 495df50f1be6f321f4303ef92655e930
      size: 3656
    params:
      params.yaml:
        data_ingestion.test_size: 0.1
    outs:
    - path: data/raw
      hash: md5
      md5: 9097e041a34df9054caed15688df1464.dir
      size: 484846
      nfiles: 2
  data_preprocessing:
    cmd: python src/data_preprocessing.py
    deps:
    - path: data/raw
      hash: md5
      md5: 9097e041a34df9054caed15688df1464.dir
      size: 484846
      nfiles: 2
    - path: src/data_preprocessing.py
      hash: md5
      md5: 6fd1ea19b2f36148a08fdc46ee5cb074
      size: 4040
    outs:
    - path: data/interim
      hash: md5
      md5: 372e18bfa771372d41b683bc64b32377.dir
      size: 257605
      nfiles: 2
  feature_engineering:
    cmd: python src/feature_engineering.py
    deps:
    - path: data/interim
      hash: md5
      md5: 372e18bfa771372d41b683bc64b32377.dir
      size: 257605
      nfiles: 2
    - path: src/feature_engineering.py
      hash: md5
      md5: feb53c16581f9aee7b447e63ef985797
      size: 3897
    params:
      params.yaml:
        feature_engineering.max_features: 35
    outs:
    - path: data/processed
      hash: md5
      md5: ad9e0c8b49a746c3c89060fbacba43ec.dir
      size: 829921
      nfiles: 2
  model_building:
    cmd: python src/model_building.py
    deps:
    - path: data/processed
      hash: md5
      md5: ad9e0c8b49a746c3c89060fbacba43ec.dir
      size: 829921
      nfiles: 2
    - path: src/model_building.py
      hash: md5
      md5: 44083c627372f5ad783eac8d4e6e026b
      size: 4425
    params:
      params.yaml:
        model_building.n_estimators: 22
        model_building.random_state: 3
    outs:
    - path: models/model.pkl
      hash: md5
      md5: fe99010bbd08d8ba557bbc1502e76188
      size: 781605
  model_evaluation:
    cmd: python src/model_evaluation.py
    deps:
    - path: models/model.pkl
      hash: md5
      md5: fe99010bbd08d8ba557bbc1502e76188
      size: 781605
    - path: src/model_evaluation.py
      hash: md5
      md5: 0c3ef824c0923c912160597fe509140f
      size: 4572
    outs:
    - path: reports/metrics.json
      hash: md5
      md5: d6b40df7f206602f9ace6cbdf46d6d7d
      size: 145
